// !$*UTF8*$!
{
	archiveVersion = 1;
	classes = {
	};
	objectVersion = 56;
	objects = {

/* Begin PBXBuildFile section */
		3EE0EA6FFB1B70B65EBDF7E1 /* Pods_oh_Espresso.framework in Frameworks */ = {isa = PBXBuildFile; fileRef = 144708E5D8EFDA44321586E4 /* Pods_oh_Espresso.framework */; };
		E232651129ED5D8100BB1CA1 /* AppDelegate.swift in Sources */ = {isa = PBXBuildFile; fileRef = E232651029ED5D8100BB1CA1 /* AppDelegate.swift */; };
		E232651A29ED5D8300BB1CA1 /* Assets.xcassets in Resources */ = {isa = PBXBuildFile; fileRef = E232651929ED5D8200BB1CA1 /* Assets.xcassets */; };
		E232651D29ED5D8300BB1CA1 /* LaunchScreen.storyboard in Resources */ = {isa = PBXBuildFile; fileRef = E232651B29ED5D8300BB1CA1 /* LaunchScreen.storyboard */; };
		E232652529ED5E8F00BB1CA1 /* AppCoordinator.swift in Sources */ = {isa = PBXBuildFile; fileRef = E232652429ED5E8F00BB1CA1 /* AppCoordinator.swift */; };
		E232658C29ED623A00BB1CA1 /* TabBarCoordinator.swift in Sources */ = {isa = PBXBuildFile; fileRef = E232657729ED623A00BB1CA1 /* TabBarCoordinator.swift */; };
		E232658D29ED623A00BB1CA1 /* TabBarPage.swift in Sources */ = {isa = PBXBuildFile; fileRef = E232657829ED623A00BB1CA1 /* TabBarPage.swift */; };
		E232659229ED623A00BB1CA1 /* EnterValueViewController.swift in Sources */ = {isa = PBXBuildFile; fileRef = E232658029ED623A00BB1CA1 /* EnterValueViewController.swift */; };
		E232659329ED623A00BB1CA1 /* EnterValueCoordinator.swift in Sources */ = {isa = PBXBuildFile; fileRef = E232658129ED623A00BB1CA1 /* EnterValueCoordinator.swift */; };
		E232659429ED623A00BB1CA1 /* EnterValuePageViewModel.swift in Sources */ = {isa = PBXBuildFile; fileRef = E232658229ED623A00BB1CA1 /* EnterValuePageViewModel.swift */; };
		E232659529ED623A00BB1CA1 /* EnterValuePageView.swift in Sources */ = {isa = PBXBuildFile; fileRef = E232658329ED623A00BB1CA1 /* EnterValuePageView.swift */; };
		E232659629ED623A00BB1CA1 /* InstructionCoordinator.swift in Sources */ = {isa = PBXBuildFile; fileRef = E232658529ED623A00BB1CA1 /* InstructionCoordinator.swift */; };
		E232659729ED623A00BB1CA1 /* InstructionPageView.swift in Sources */ = {isa = PBXBuildFile; fileRef = E232658629ED623A00BB1CA1 /* InstructionPageView.swift */; };
		E232659829ED623A00BB1CA1 /* InstructionPageViewController.swift in Sources */ = {isa = PBXBuildFile; fileRef = E232658729ED623A00BB1CA1 /* InstructionPageViewController.swift */; };
		E232659929ED623A00BB1CA1 /* InstructionPageViewModel.swift in Sources */ = {isa = PBXBuildFile; fileRef = E232658829ED623A00BB1CA1 /* InstructionPageViewModel.swift */; };
		E232659A29ED623A00BB1CA1 /* LoginCoordinator.swift in Sources */ = {isa = PBXBuildFile; fileRef = E232658A29ED623A00BB1CA1 /* LoginCoordinator.swift */; };
		E232659B29ED623A00BB1CA1 /* LoginViewController.swift in Sources */ = {isa = PBXBuildFile; fileRef = E232658B29ED623A00BB1CA1 /* LoginViewController.swift */; };
		E232659D29ED648000BB1CA1 /* Coordinator.swift in Sources */ = {isa = PBXBuildFile; fileRef = E232659C29ED648000BB1CA1 /* Coordinator.swift */; };
		E23265A529ED667700BB1CA1 /* StartPageViewModel.swift in Sources */ = {isa = PBXBuildFile; fileRef = E23265A129ED667700BB1CA1 /* StartPageViewModel.swift */; };
		E23265A629ED667700BB1CA1 /* StartCoordinator.swift in Sources */ = {isa = PBXBuildFile; fileRef = E23265A229ED667700BB1CA1 /* StartCoordinator.swift */; };
		E23265A729ED667700BB1CA1 /* StartPageView.swift in Sources */ = {isa = PBXBuildFile; fileRef = E23265A329ED667700BB1CA1 /* StartPageView.swift */; };
		E23265A829ED667700BB1CA1 /* StartPageViewController.swift in Sources */ = {isa = PBXBuildFile; fileRef = E23265A429ED667700BB1CA1 /* StartPageViewController.swift */; };
/* End PBXBuildFile section */

/* Begin PBXFileReference section */
		144708E5D8EFDA44321586E4 /* Pods_oh_Espresso.framework */ = {isa = PBXFileReference; explicitFileType = wrapper.framework; includeInIndex = 0; path = Pods_oh_Espresso.framework; sourceTree = BUILT_PRODUCTS_DIR; };
		84F84EF178CB774043C566EB /* Pods-oh!Espresso.debug.xcconfig */ = {isa = PBXFileReference; includeInIndex = 1; lastKnownFileType = text.xcconfig; name = "Pods-oh!Espresso.debug.xcconfig"; path = "Target Support Files/Pods-oh!Espresso/Pods-oh!Espresso.debug.xcconfig"; sourceTree = "<group>"; };
		CA44850071A2C303B29FC313 /* Pods-oh!Espresso.release.xcconfig */ = {isa = PBXFileReference; includeInIndex = 1; lastKnownFileType = text.xcconfig; name = "Pods-oh!Espresso.release.xcconfig"; path = "Target Support Files/Pods-oh!Espresso/Pods-oh!Espresso.release.xcconfig"; sourceTree = "<group>"; };
		E232650D29ED5D8100BB1CA1 /* oh!Espresso.app */ = {isa = PBXFileReference; explicitFileType = wrapper.application; includeInIndex = 0; path = "oh!Espresso.app"; sourceTree = BUILT_PRODUCTS_DIR; };
		E232651029ED5D8100BB1CA1 /* AppDelegate.swift */ = {isa = PBXFileReference; lastKnownFileType = sourcecode.swift; path = AppDelegate.swift; sourceTree = "<group>"; };
		E232651929ED5D8200BB1CA1 /* Assets.xcassets */ = {isa = PBXFileReference; lastKnownFileType = folder.assetcatalog; path = Assets.xcassets; sourceTree = "<group>"; };
		E232651C29ED5D8300BB1CA1 /* Base */ = {isa = PBXFileReference; lastKnownFileType = file.storyboard; name = Base; path = Base.lproj/LaunchScreen.storyboard; sourceTree = "<group>"; };
		E232651E29ED5D8300BB1CA1 /* Info.plist */ = {isa = PBXFileReference; lastKnownFileType = text.plist.xml; path = Info.plist; sourceTree = "<group>"; };
		E232652429ED5E8F00BB1CA1 /* AppCoordinator.swift */ = {isa = PBXFileReference; fileEncoding = 4; lastKnownFileType = sourcecode.swift; path = AppCoordinator.swift; sourceTree = "<group>"; };
		E232657729ED623A00BB1CA1 /* TabBarCoordinator.swift */ = {isa = PBXFileReference; fileEncoding = 4; lastKnownFileType = sourcecode.swift; path = TabBarCoordinator.swift; sourceTree = "<group>"; };
		E232657829ED623A00BB1CA1 /* TabBarPage.swift */ = {isa = PBXFileReference; fileEncoding = 4; lastKnownFileType = sourcecode.swift; path = TabBarPage.swift; sourceTree = "<group>"; };
		E232658029ED623A00BB1CA1 /* EnterValueViewController.swift */ = {isa = PBXFileReference; fileEncoding = 4; lastKnownFileType = sourcecode.swift; path = EnterValueViewController.swift; sourceTree = "<group>"; };
		E232658129ED623A00BB1CA1 /* EnterValueCoordinator.swift */ = {isa = PBXFileReference; fileEncoding = 4; lastKnownFileType = sourcecode.swift; path = EnterValueCoordinator.swift; sourceTree = "<group>"; };
		E232658229ED623A00BB1CA1 /* EnterValuePageViewModel.swift */ = {isa = PBXFileReference; fileEncoding = 4; lastKnownFileType = sourcecode.swift; path = EnterValuePageViewModel.swift; sourceTree = "<group>"; };
		E232658329ED623A00BB1CA1 /* EnterValuePageView.swift */ = {isa = PBXFileReference; fileEncoding = 4; lastKnownFileType = sourcecode.swift; path = EnterValuePageView.swift; sourceTree = "<group>"; };
		E232658529ED623A00BB1CA1 /* InstructionCoordinator.swift */ = {isa = PBXFileReference; fileEncoding = 4; lastKnownFileType = sourcecode.swift; path = InstructionCoordinator.swift; sourceTree = "<group>"; };
		E232658629ED623A00BB1CA1 /* InstructionPageView.swift */ = {isa = PBXFileReference; fileEncoding = 4; lastKnownFileType = sourcecode.swift; path = InstructionPageView.swift; sourceTree = "<group>"; };
		E232658729ED623A00BB1CA1 /* InstructionPageViewController.swift */ = {isa = PBXFileReference; fileEncoding = 4; lastKnownFileType = sourcecode.swift; path = InstructionPageViewController.swift; sourceTree = "<group>"; };
		E232658829ED623A00BB1CA1 /* InstructionPageViewModel.swift */ = {isa = PBXFileReference; fileEncoding = 4; lastKnownFileType = sourcecode.swift; path = InstructionPageViewModel.swift; sourceTree = "<group>"; };
		E232658A29ED623A00BB1CA1 /* LoginCoordinator.swift */ = {isa = PBXFileReference; fileEncoding = 4; lastKnownFileType = sourcecode.swift; path = LoginCoordinator.swift; sourceTree = "<group>"; };
		E232658B29ED623A00BB1CA1 /* LoginViewController.swift */ = {isa = PBXFileReference; fileEncoding = 4; lastKnownFileType = sourcecode.swift; path = LoginViewController.swift; sourceTree = "<group>"; };
		E232659C29ED648000BB1CA1 /* Coordinator.swift */ = {isa = PBXFileReference; lastKnownFileType = sourcecode.swift; path = Coordinator.swift; sourceTree = "<group>"; };
		E23265A129ED667700BB1CA1 /* StartPageViewModel.swift */ = {isa = PBXFileReference; fileEncoding = 4; lastKnownFileType = sourcecode.swift; path = StartPageViewModel.swift; sourceTree = "<group>"; };
		E23265A229ED667700BB1CA1 /* StartCoordinator.swift */ = {isa = PBXFileReference; fileEncoding = 4; lastKnownFileType = sourcecode.swift; path = StartCoordinator.swift; sourceTree = "<group>"; };
		E23265A329ED667700BB1CA1 /* StartPageView.swift */ = {isa = PBXFileReference; fileEncoding = 4; lastKnownFileType = sourcecode.swift; path = StartPageView.swift; sourceTree = "<group>"; };
		E23265A429ED667700BB1CA1 /* StartPageViewController.swift */ = {isa = PBXFileReference; fileEncoding = 4; lastKnownFileType = sourcecode.swift; path = StartPageViewController.swift; sourceTree = "<group>"; };
/* End PBXFileReference section */

/* Begin PBXFrameworksBuildPhase section */
		E232650A29ED5D8100BB1CA1 /* Frameworks */ = {
			isa = PBXFrameworksBuildPhase;
			buildActionMask = 2147483647;
			files = (
				3EE0EA6FFB1B70B65EBDF7E1 /* Pods_oh_Espresso.framework in Frameworks */,
			);
			runOnlyForDeploymentPostprocessing = 0;
		};
/* End PBXFrameworksBuildPhase section */

/* Begin PBXGroup section */
		0FBB25B300B182DC58BD5D00 /* Frameworks */ = {
			isa = PBXGroup;
			children = (
				144708E5D8EFDA44321586E4 /* Pods_oh_Espresso.framework */,
			);
			name = Frameworks;
			sourceTree = "<group>";
		};
		947AABD7A07094AD994A6810 /* Pods */ = {
			isa = PBXGroup;
			children = (
				84F84EF178CB774043C566EB /* Pods-oh!Espresso.debug.xcconfig */,
				CA44850071A2C303B29FC313 /* Pods-oh!Espresso.release.xcconfig */,
			);
			name = Pods;
			path = Pods;
			sourceTree = "<group>";
		};
		E232650429ED5D8100BB1CA1 = {
			isa = PBXGroup;
			children = (
				E232650F29ED5D8100BB1CA1 /* oh!Espresso */,
				E232650E29ED5D8100BB1CA1 /* Products */,
				947AABD7A07094AD994A6810 /* Pods */,
				0FBB25B300B182DC58BD5D00 /* Frameworks */,
			);
			sourceTree = "<group>";
		};
		E232650E29ED5D8100BB1CA1 /* Products */ = {
			isa = PBXGroup;
			children = (
				E232650D29ED5D8100BB1CA1 /* oh!Espresso.app */,
			);
			name = Products;
			sourceTree = "<group>";
		};
		E232650F29ED5D8100BB1CA1 /* oh!Espresso */ = {
			isa = PBXGroup;
			children = (
				E232654929ED5F3A00BB1CA1 /* Application */,
				E232657629ED623A00BB1CA1 /* Scenes */,
				E232651929ED5D8200BB1CA1 /* Assets.xcassets */,
				E232651B29ED5D8300BB1CA1 /* LaunchScreen.storyboard */,
				E232651E29ED5D8300BB1CA1 /* Info.plist */,
			);
			path = "oh!Espresso";
			sourceTree = "<group>";
		};
		E232654929ED5F3A00BB1CA1 /* Application */ = {
			isa = PBXGroup;
			children = (
				E232651029ED5D8100BB1CA1 /* AppDelegate.swift */,
				E232652429ED5E8F00BB1CA1 /* AppCoordinator.swift */,
				E232659C29ED648000BB1CA1 /* Coordinator.swift */,
			);
			path = Application;
			sourceTree = "<group>";
		};
		E232657629ED623A00BB1CA1 /* Scenes */ = {
			isa = PBXGroup;
			children = (
				E232657729ED623A00BB1CA1 /* TabBarCoordinator.swift */,
				E232657829ED623A00BB1CA1 /* TabBarPage.swift */,
				E232658929ED623A00BB1CA1 /* Login */,
				E232657929ED623A00BB1CA1 /* Main */,
			);
			name = Scenes;
			path = "oh!Espresso/Scenes";
			sourceTree = SOURCE_ROOT;
		};
		E232657929ED623A00BB1CA1 /* Main */ = {
			isa = PBXGroup;
			children = (
				E23265A029ED665700BB1CA1 /* Start */,
				E232657F29ED623A00BB1CA1 /* EnterValue */,
				E232658429ED623A00BB1CA1 /* Instruction */,
			);
			path = Main;
			sourceTree = "<group>";
		};
		E232657F29ED623A00BB1CA1 /* EnterValue */ = {
			isa = PBXGroup;
			children = (
				E232658029ED623A00BB1CA1 /* EnterValueViewController.swift */,
				E232658129ED623A00BB1CA1 /* EnterValueCoordinator.swift */,
				E232658229ED623A00BB1CA1 /* EnterValuePageViewModel.swift */,
				E232658329ED623A00BB1CA1 /* EnterValuePageView.swift */,
			);
			path = EnterValue;
			sourceTree = "<group>";
		};
		E232658429ED623A00BB1CA1 /* Instruction */ = {
			isa = PBXGroup;
			children = (
				E232658529ED623A00BB1CA1 /* InstructionCoordinator.swift */,
				E232658629ED623A00BB1CA1 /* InstructionPageView.swift */,
				E232658729ED623A00BB1CA1 /* InstructionPageViewController.swift */,
				E232658829ED623A00BB1CA1 /* InstructionPageViewModel.swift */,
			);
			path = Instruction;
			sourceTree = "<group>";
		};
		E232658929ED623A00BB1CA1 /* Login */ = {
			isa = PBXGroup;
			children = (
				E232658A29ED623A00BB1CA1 /* LoginCoordinator.swift */,
				E232658B29ED623A00BB1CA1 /* LoginViewController.swift */,
			);
			path = Login;
			sourceTree = "<group>";
		};
		E23265A029ED665700BB1CA1 /* Start */ = {
			isa = PBXGroup;
			children = (
				E23265A229ED667700BB1CA1 /* StartCoordinator.swift */,
				E23265A429ED667700BB1CA1 /* StartPageViewController.swift */,
				E23265A329ED667700BB1CA1 /* StartPageView.swift */,
				E23265A129ED667700BB1CA1 /* StartPageViewModel.swift */,
			);
			path = Start;
			sourceTree = "<group>";
		};
/* End PBXGroup section */

/* Begin PBXNativeTarget section */
		E232650C29ED5D8100BB1CA1 /* oh!Espresso */ = {
			isa = PBXNativeTarget;
			buildConfigurationList = E232652129ED5D8300BB1CA1 /* Build configuration list for PBXNativeTarget "oh!Espresso" */;
			buildPhases = (
				AC15F71F8260A31058EBA3F6 /* [CP] Check Pods Manifest.lock */,
				E232650929ED5D8100BB1CA1 /* Sources */,
				E232650A29ED5D8100BB1CA1 /* Frameworks */,
				E232650B29ED5D8100BB1CA1 /* Resources */,
				5D3DCC57C4974FBB09D9A550 /* [CP] Embed Pods Frameworks */,
			);
			buildRules = (
			);
			dependencies = (
			);
			name = "oh!Espresso";
			productName = "oh!Espresso";
			productReference = E232650D29ED5D8100BB1CA1 /* oh!Espresso.app */;
			productType = "com.apple.product-type.application";
		};
/* End PBXNativeTarget section */

/* Begin PBXProject section */
		E232650529ED5D8100BB1CA1 /* Project object */ = {
			isa = PBXProject;
			attributes = {
				BuildIndependentTargetsInParallel = 1;
				LastSwiftUpdateCheck = 1420;
				LastUpgradeCheck = 1420;
				TargetAttributes = {
					E232650C29ED5D8100BB1CA1 = {
						CreatedOnToolsVersion = 14.2;
					};
				};
			};
			buildConfigurationList = E232650829ED5D8100BB1CA1 /* Build configuration list for PBXProject "oh!Espresso" */;
			compatibilityVersion = "Xcode 14.0";
			developmentRegion = en;
			hasScannedForEncodings = 0;
			knownRegions = (
				en,
				Base,
			);
			mainGroup = E232650429ED5D8100BB1CA1;
			productRefGroup = E232650E29ED5D8100BB1CA1 /* Products */;
			projectDirPath = "";
			projectRoot = "";
			targets = (
				E232650C29ED5D8100BB1CA1 /* oh!Espresso */,
			);
		};
/* End PBXProject section */

/* Begin PBXResourcesBuildPhase section */
		E232650B29ED5D8100BB1CA1 /* Resources */ = {
			isa = PBXResourcesBuildPhase;
			buildActionMask = 2147483647;
			files = (
				E232651D29ED5D8300BB1CA1 /* LaunchScreen.storyboard in Resources */,
				E232651A29ED5D8300BB1CA1 /* Assets.xcassets in Resources */,
			);
			runOnlyForDeploymentPostprocessing = 0;
		};
/* End PBXResourcesBuildPhase section */

/* Begin PBXShellScriptBuildPhase section */
		5D3DCC57C4974FBB09D9A550 /* [CP] Embed Pods Frameworks */ = {
			isa = PBXShellScriptBuildPhase;
			buildActionMask = 2147483647;
			files = (
			);
			inputFileListPaths = (
				"${PODS_ROOT}/Target Support Files/Pods-oh!Espresso/Pods-oh!Espresso-frameworks-${CONFIGURATION}-input-files.xcfilelist",
			);
			name = "[CP] Embed Pods Frameworks";
			outputFileListPaths = (
				"${PODS_ROOT}/Target Support Files/Pods-oh!Espresso/Pods-oh!Espresso-frameworks-${CONFIGURATION}-output-files.xcfilelist",
			);
			runOnlyForDeploymentPostprocessing = 0;
			shellPath = /bin/sh;
			shellScript = "\"${PODS_ROOT}/Target Support Files/Pods-oh!Espresso/Pods-oh!Espresso-frameworks.sh\"\n";
			showEnvVarsInLog = 0;
		};
		AC15F71F8260A31058EBA3F6 /* [CP] Check Pods Manifest.lock */ = {
			isa = PBXShellScriptBuildPhase;
			buildActionMask = 2147483647;
			files = (
			);
			inputFileListPaths = (
			);
			inputPaths = (
				"${PODS_PODFILE_DIR_PATH}/Podfile.lock",
				"${PODS_ROOT}/Manifest.lock",
			);
			name = "[CP] Check Pods Manifest.lock";
			outputFileListPaths = (
			);
			outputPaths = (
				"$(DERIVED_FILE_DIR)/Pods-oh!Espresso-checkManifestLockResult.txt",
			);
			runOnlyForDeploymentPostprocessing = 0;
			shellPath = /bin/sh;
			shellScript = "diff \"${PODS_PODFILE_DIR_PATH}/Podfile.lock\" \"${PODS_ROOT}/Manifest.lock\" > /dev/null\nif [ $? != 0 ] ; then\n    # print error to STDERR\n    echo \"error: The sandbox is not in sync with the Podfile.lock. Run 'pod install' or update your CocoaPods installation.\" >&2\n    exit 1\nfi\n# This output is used by Xcode 'outputs' to avoid re-running this script phase.\necho \"SUCCESS\" > \"${SCRIPT_OUTPUT_FILE_0}\"\n";
			showEnvVarsInLog = 0;
		};
/* End PBXShellScriptBuildPhase section */

/* Begin PBXSourcesBuildPhase section */
		E232650929ED5D8100BB1CA1 /* Sources */ = {
			isa = PBXSourcesBuildPhase;
			buildActionMask = 2147483647;
			files = (
				E232659B29ED623A00BB1CA1 /* LoginViewController.swift in Sources */,
				E232659A29ED623A00BB1CA1 /* LoginCoordinator.swift in Sources */,
				E232659229ED623A00BB1CA1 /* EnterValueViewController.swift in Sources */,
				E23265A629ED667700BB1CA1 /* StartCoordinator.swift in Sources */,
				E232659629ED623A00BB1CA1 /* InstructionCoordinator.swift in Sources */,
				E232659D29ED648000BB1CA1 /* Coordinator.swift in Sources */,
				E232659929ED623A00BB1CA1 /* InstructionPageViewModel.swift in Sources */,
				E232658D29ED623A00BB1CA1 /* TabBarPage.swift in Sources */,
				E232652529ED5E8F00BB1CA1 /* AppCoordinator.swift in Sources */,
				E232651129ED5D8100BB1CA1 /* AppDelegate.swift in Sources */,
				E232659429ED623A00BB1CA1 /* EnterValuePageViewModel.swift in Sources */,
				E23265A529ED667700BB1CA1 /* StartPageViewModel.swift in Sources */,
				E23265A729ED667700BB1CA1 /* StartPageView.swift in Sources */,
				E232659829ED623A00BB1CA1 /* InstructionPageViewController.swift in Sources */,
				E232659729ED623A00BB1CA1 /* InstructionPageView.swift in Sources */,
				E232658C29ED623A00BB1CA1 /* TabBarCoordinator.swift in Sources */,
				E23265A829ED667700BB1CA1 /* StartPageViewController.swift in Sources */,
				E232659529ED623A00BB1CA1 /* EnterValuePageView.swift in Sources */,
				E232659329ED623A00BB1CA1 /* EnterValueCoordinator.swift in Sources */,
			);
			runOnlyForDeploymentPostprocessing = 0;
		};
/* End PBXSourcesBuildPhase section */

/* Begin PBXVariantGroup section */
		E232651B29ED5D8300BB1CA1 /* LaunchScreen.storyboard */ = {
			isa = PBXVariantGroup;
			children = (
				E232651C29ED5D8300BB1CA1 /* Base */,
			);
			name = LaunchScreen.storyboard;
			sourceTree = "<group>";
		};
/* End PBXVariantGroup section */

/* Begin XCBuildConfiguration section */
		E232651F29ED5D8300BB1CA1 /* Debug */ = {
			isa = XCBuildConfiguration;
			buildSettings = {
				ALWAYS_SEARCH_USER_PATHS = NO;
				CLANG_ANALYZER_NONNULL = YES;
				CLANG_ANALYZER_NUMBER_OBJECT_CONVERSION = YES_AGGRESSIVE;
				CLANG_CXX_LANGUAGE_STANDARD = "gnu++20";
				CLANG_ENABLE_MODULES = YES;
				CLANG_ENABLE_OBJC_ARC = YES;
				CLANG_ENABLE_OBJC_WEAK = YES;
				CLANG_WARN_BLOCK_CAPTURE_AUTORELEASING = YES;
				CLANG_WARN_BOOL_CONVERSION = YES;
				CLANG_WARN_COMMA = YES;
				CLANG_WARN_CONSTANT_CONVERSION = YES;
				CLANG_WARN_DEPRECATED_OBJC_IMPLEMENTATIONS = YES;
				CLANG_WARN_DIRECT_OBJC_ISA_USAGE = YES_ERROR;
				CLANG_WARN_DOCUMENTATION_COMMENTS = YES;
				CLANG_WARN_EMPTY_BODY = YES;
				CLANG_WARN_ENUM_CONVERSION = YES;
				CLANG_WARN_INFINITE_RECURSION = YES;
				CLANG_WARN_INT_CONVERSION = YES;
				CLANG_WARN_NON_LITERAL_NULL_CONVERSION = YES;
				CLANG_WARN_OBJC_IMPLICIT_RETAIN_SELF = YES;
				CLANG_WARN_OBJC_LITERAL_CONVERSION = YES;
				CLANG_WARN_OBJC_ROOT_CLASS = YES_ERROR;
				CLANG_WARN_QUOTED_INCLUDE_IN_FRAMEWORK_HEADER = YES;
				CLANG_WARN_RANGE_LOOP_ANALYSIS = YES;
				CLANG_WARN_STRICT_PROTOTYPES = YES;
				CLANG_WARN_SUSPICIOUS_MOVE = YES;
				CLANG_WARN_UNGUARDED_AVAILABILITY = YES_AGGRESSIVE;
				CLANG_WARN_UNREACHABLE_CODE = YES;
				CLANG_WARN__DUPLICATE_METHOD_MATCH = YES;
				COPY_PHASE_STRIP = NO;
				DEBUG_INFORMATION_FORMAT = dwarf;
				ENABLE_STRICT_OBJC_MSGSEND = YES;
				ENABLE_TESTABILITY = YES;
				GCC_C_LANGUAGE_STANDARD = gnu11;
				GCC_DYNAMIC_NO_PIC = NO;
				GCC_NO_COMMON_BLOCKS = YES;
				GCC_OPTIMIZATION_LEVEL = 0;
				GCC_PREPROCESSOR_DEFINITIONS = (
					"DEBUG=1",
					"$(inherited)",
				);
				GCC_WARN_64_TO_32_BIT_CONVERSION = YES;
				GCC_WARN_ABOUT_RETURN_TYPE = YES_ERROR;
				GCC_WARN_UNDECLARED_SELECTOR = YES;
				GCC_WARN_UNINITIALIZED_AUTOS = YES_AGGRESSIVE;
				GCC_WARN_UNUSED_FUNCTION = YES;
				GCC_WARN_UNUSED_VARIABLE = YES;
				IPHONEOS_DEPLOYMENT_TARGET = 16.2;
				MTL_ENABLE_DEBUG_INFO = INCLUDE_SOURCE;
				MTL_FAST_MATH = YES;
				ONLY_ACTIVE_ARCH = YES;
				SDKROOT = iphoneos;
				SWIFT_ACTIVE_COMPILATION_CONDITIONS = DEBUG;
				SWIFT_OPTIMIZATION_LEVEL = "-Onone";
			};
			name = Debug;
		};
		E232652029ED5D8300BB1CA1 /* Release */ = {
			isa = XCBuildConfiguration;
			buildSettings = {
				ALWAYS_SEARCH_USER_PATHS = NO;
				CLANG_ANALYZER_NONNULL = YES;
				CLANG_ANALYZER_NUMBER_OBJECT_CONVERSION = YES_AGGRESSIVE;
				CLANG_CXX_LANGUAGE_STANDARD = "gnu++20";
				CLANG_ENABLE_MODULES = YES;
				CLANG_ENABLE_OBJC_ARC = YES;
				CLANG_ENABLE_OBJC_WEAK = YES;
				CLANG_WARN_BLOCK_CAPTURE_AUTORELEASING = YES;
				CLANG_WARN_BOOL_CONVERSION = YES;
				CLANG_WARN_COMMA = YES;
				CLANG_WARN_CONSTANT_CONVERSION = YES;
				CLANG_WARN_DEPRECATED_OBJC_IMPLEMENTATIONS = YES;
				CLANG_WARN_DIRECT_OBJC_ISA_USAGE = YES_ERROR;
				CLANG_WARN_DOCUMENTATION_COMMENTS = YES;
				CLANG_WARN_EMPTY_BODY = YES;
				CLANG_WARN_ENUM_CONVERSION = YES;
				CLANG_WARN_INFINITE_RECURSION = YES;
				CLANG_WARN_INT_CONVERSION = YES;
				CLANG_WARN_NON_LITERAL_NULL_CONVERSION = YES;
				CLANG_WARN_OBJC_IMPLICIT_RETAIN_SELF = YES;
				CLANG_WARN_OBJC_LITERAL_CONVERSION = YES;
				CLANG_WARN_OBJC_ROOT_CLASS = YES_ERROR;
				CLANG_WARN_QUOTED_INCLUDE_IN_FRAMEWORK_HEADER = YES;
				CLANG_WARN_RANGE_LOOP_ANALYSIS = YES;
				CLANG_WARN_STRICT_PROTOTYPES = YES;
				CLANG_WARN_SUSPICIOUS_MOVE = YES;
				CLANG_WARN_UNGUARDED_AVAILABILITY = YES_AGGRESSIVE;
				CLANG_WARN_UNREACHABLE_CODE = YES;
				CLANG_WARN__DUPLICATE_METHOD_MATCH = YES;
				COPY_PHASE_STRIP = NO;
				DEBUG_INFORMATION_FORMAT = "dwarf-with-dsym";
				ENABLE_NS_ASSERTIONS = NO;
				ENABLE_STRICT_OBJC_MSGSEND = YES;
				GCC_C_LANGUAGE_STANDARD = gnu11;
				GCC_NO_COMMON_BLOCKS = YES;
				GCC_WARN_64_TO_32_BIT_CONVERSION = YES;
				GCC_WARN_ABOUT_RETURN_TYPE = YES_ERROR;
				GCC_WARN_UNDECLARED_SELECTOR = YES;
				GCC_WARN_UNINITIALIZED_AUTOS = YES_AGGRESSIVE;
				GCC_WARN_UNUSED_FUNCTION = YES;
				GCC_WARN_UNUSED_VARIABLE = YES;
				IPHONEOS_DEPLOYMENT_TARGET = 16.2;
				MTL_ENABLE_DEBUG_INFO = NO;
				MTL_FAST_MATH = YES;
				SDKROOT = iphoneos;
				SWIFT_COMPILATION_MODE = wholemodule;
				SWIFT_OPTIMIZATION_LEVEL = "-O";
				VALIDATE_PRODUCT = YES;
			};
			name = Release;
		};
		E232652229ED5D8300BB1CA1 /* Debug */ = {
			isa = XCBuildConfiguration;
			baseConfigurationReference = 84F84EF178CB774043C566EB /* Pods-oh!Espresso.debug.xcconfig */;
			buildSettings = {
				ASSETCATALOG_COMPILER_APPICON_NAME = AppIcon;
				ASSETCATALOG_COMPILER_GLOBAL_ACCENT_COLOR_NAME = AccentColor;
				CODE_SIGN_STYLE = Automatic;
				CURRENT_PROJECT_VERSION = 1;
				DEVELOPMENT_TEAM = V75UZGB9LL;
				GENERATE_INFOPLIST_FILE = YES;
				INFOPLIST_FILE = "oh!Espresso/Info.plist";
				INFOPLIST_KEY_LSApplicationCategoryType = "public.app-category.food-and-drink";
				INFOPLIST_KEY_UIApplicationSupportsIndirectInputEvents = YES;
				INFOPLIST_KEY_UILaunchStoryboardName = LaunchScreen;
				INFOPLIST_KEY_UIStatusBarStyle = UIStatusBarStyleLightContent;
				INFOPLIST_KEY_UISupportedInterfaceOrientations = UIInterfaceOrientationPortrait;
				INFOPLIST_KEY_UISupportedInterfaceOrientations_iPad = "UIInterfaceOrientationLandscapeLeft UIInterfaceOrientationLandscapeRight UIInterfaceOrientationPortrait";
				LD_RUNPATH_SEARCH_PATHS = (
					"$(inherited)",
					"@executable_path/Frameworks",
				);
				MARKETING_VERSION = 1.0;
				PRODUCT_BUNDLE_IDENTIFIER = "com.home.oh-Espresso";
				PRODUCT_NAME = "$(TARGET_NAME)";
				SUPPORTED_PLATFORMS = "iphoneos iphonesimulator";
				SUPPORTS_MACCATALYST = NO;
				SUPPORTS_MAC_DESIGNED_FOR_IPHONE_IPAD = NO;
				SWIFT_EMIT_LOC_STRINGS = YES;
				SWIFT_VERSION = 5.0;
				TARGETED_DEVICE_FAMILY = 1;
			};
			name = Debug;
		};
		E232652329ED5D8300BB1CA1 /* Release */ = {
			isa = XCBuildConfiguration;
			baseConfigurationReference = CA44850071A2C303B29FC313 /* Pods-oh!Espresso.release.xcconfig */;
			buildSettings = {
				ASSETCATALOG_COMPILER_APPICON_NAME = AppIcon;
				ASSETCATALOG_COMPILER_GLOBAL_ACCENT_COLOR_NAME = AccentColor;
				CODE_SIGN_STYLE = Automatic;
				CURRENT_PROJECT_VERSION = 1;
				DEVELOPMENT_TEAM = V75UZGB9LL;
				GENERATE_INFOPLIST_FILE = YES;
				INFOPLIST_FILE = "oh!Espresso/Info.plist";
				INFOPLIST_KEY_LSApplicationCategoryType = "public.app-category.food-and-drink";
				INFOPLIST_KEY_UIApplicationSupportsIndirectInputEvents = YES;
				INFOPLIST_KEY_UILaunchStoryboardName = LaunchScreen;
				INFOPLIST_KEY_UIStatusBarStyle = UIStatusBarStyleLightContent;
				INFOPLIST_KEY_UISupportedInterfaceOrientations = UIInterfaceOrientationPortrait;
				INFOPLIST_KEY_UISupportedInterfaceOrientations_iPad = "UIInterfaceOrientationLandscapeLeft UIInterfaceOrientationLandscapeRight UIInterfaceOrientationPortrait";
				LD_RUNPATH_SEARCH_PATHS = (
					"$(inherited)",
					"@executable_path/Frameworks",
				);
				MARKETING_VERSION = 1.0;
				PRODUCT_BUNDLE_IDENTIFIER = "com.home.oh-Espresso";
				PRODUCT_NAME = "$(TARGET_NAME)";
				SUPPORTED_PLATFORMS = "iphoneos iphonesimulator";
				SUPPORTS_MACCATALYST = NO;
				SUPPORTS_MAC_DESIGNED_FOR_IPHONE_IPAD = NO;
				SWIFT_EMIT_LOC_STRINGS = YES;
				SWIFT_VERSION = 5.0;
				TARGETED_DEVICE_FAMILY = 1;
			};
			name = Release;
		};
/* End XCBuildConfiguration section */

/* Begin XCConfigurationList section */
		E232650829ED5D8100BB1CA1 /* Build configuration list for PBXProject "oh!Espresso" */ = {
			isa = XCConfigurationList;
			buildConfigurations = (
				E232651F29ED5D8300BB1CA1 /* Debug */,
				E232652029ED5D8300BB1CA1 /* Release */,
			);
			defaultConfigurationIsVisible = 0;
			defaultConfigurationName = Release;
		};
		E232652129ED5D8300BB1CA1 /* Build configuration list for PBXNativeTarget "oh!Espresso" */ = {
			isa = XCConfigurationList;
			buildConfigurations = (
				E232652229ED5D8300BB1CA1 /* Debug */,
				E232652329ED5D8300BB1CA1 /* Release */,
			);
			defaultConfigurationIsVisible = 0;
			defaultConfigurationName = Release;
		};
/* End XCConfigurationList section */
	};
	rootObject = E232650529ED5D8100BB1CA1 /* Project object */;
}
