// !$*UTF8*$!
{
	archiveVersion = 1;
	classes = {
	};
	objectVersion = 56;
	objects = {

/* Begin PBXBuildFile section */
		E21F9D8029B73A4F009A5336 /* AppDelegate.swift in Sources */ = {isa = PBXBuildFile; fileRef = E21F9D7F29B73A4F009A5336 /* AppDelegate.swift */; };
		E21F9D8229B73A4F009A5336 /* SceneDelegate.swift in Sources */ = {isa = PBXBuildFile; fileRef = E21F9D8129B73A4F009A5336 /* SceneDelegate.swift */; };
		E21F9D8429B73A4F009A5336 /* HomeVC.swift in Sources */ = {isa = PBXBuildFile; fileRef = E21F9D8329B73A4F009A5336 /* HomeVC.swift */; };
		E21F9D8929B73A51009A5336 /* Assets.xcassets in Resources */ = {isa = PBXBuildFile; fileRef = E21F9D8829B73A51009A5336 /* Assets.xcassets */; };
		E21F9D8C29B73A51009A5336 /* LaunchScreen.storyboard in Resources */ = {isa = PBXBuildFile; fileRef = E21F9D8A29B73A51009A5336 /* LaunchScreen.storyboard */; };
		E21F9D9429B73CFF009A5336 /* Coordinator.swift in Sources */ = {isa = PBXBuildFile; fileRef = E21F9D9329B73CFF009A5336 /* Coordinator.swift */; };
		E21F9D9629B73E06009A5336 /* MainCoordinator.swift in Sources */ = {isa = PBXBuildFile; fileRef = E21F9D9529B73E06009A5336 /* MainCoordinator.swift */; };
		E21F9D9929B74BD3009A5336 /* PreparationVC.swift in Sources */ = {isa = PBXBuildFile; fileRef = E21F9D9829B74BD3009A5336 /* PreparationVC.swift */; };
/* End PBXBuildFile section */

/* Begin PBXFileReference section */
		E21F9D7C29B73A4F009A5336 /* oh!Espresso.app */ = {isa = PBXFileReference; explicitFileType = wrapper.application; includeInIndex = 0; path = "oh!Espresso.app"; sourceTree = BUILT_PRODUCTS_DIR; };
		E21F9D7F29B73A4F009A5336 /* AppDelegate.swift */ = {isa = PBXFileReference; lastKnownFileType = sourcecode.swift; path = AppDelegate.swift; sourceTree = "<group>"; };
		E21F9D8129B73A4F009A5336 /* SceneDelegate.swift */ = {isa = PBXFileReference; lastKnownFileType = sourcecode.swift; path = SceneDelegate.swift; sourceTree = "<group>"; };
		E21F9D8329B73A4F009A5336 /* HomeVC.swift */ = {isa = PBXFileReference; lastKnownFileType = sourcecode.swift; path = HomeVC.swift; sourceTree = "<group>"; };
		E21F9D8829B73A51009A5336 /* Assets.xcassets */ = {isa = PBXFileReference; lastKnownFileType = folder.assetcatalog; path = Assets.xcassets; sourceTree = "<group>"; };
		E21F9D8B29B73A51009A5336 /* Base */ = {isa = PBXFileReference; lastKnownFileType = file.storyboard; name = Base; path = Base.lproj/LaunchScreen.storyboard; sourceTree = "<group>"; };
		E21F9D8D29B73A51009A5336 /* Info.plist */ = {isa = PBXFileReference; lastKnownFileType = text.plist.xml; path = Info.plist; sourceTree = "<group>"; };
		E21F9D9329B73CFF009A5336 /* Coordinator.swift */ = {isa = PBXFileReference; lastKnownFileType = sourcecode.swift; path = Coordinator.swift; sourceTree = "<group>"; };
		E21F9D9529B73E06009A5336 /* MainCoordinator.swift */ = {isa = PBXFileReference; lastKnownFileType = sourcecode.swift; path = MainCoordinator.swift; sourceTree = "<group>"; };
		E21F9D9829B74BD3009A5336 /* PreparationVC.swift */ = {isa = PBXFileReference; lastKnownFileType = sourcecode.swift; path = PreparationVC.swift; sourceTree = "<group>"; };
/* End PBXFileReference section */

/* Begin PBXFrameworksBuildPhase section */
		E21F9D7929B73A4F009A5336 /* Frameworks */ = {
			isa = PBXFrameworksBuildPhase;
			buildActionMask = 2147483647;
			files = (
			);
			runOnlyForDeploymentPostprocessing = 0;
		};
/* End PBXFrameworksBuildPhase section */

/* Begin PBXGroup section */
		E21F9D7329B73A4E009A5336 = {
			isa = PBXGroup;
			children = (
				E21F9D7E29B73A4F009A5336 /* oh!Espresso */,
				E21F9D7D29B73A4F009A5336 /* Products */,
			);
			sourceTree = "<group>";
		};
		E21F9D7D29B73A4F009A5336 /* Products */ = {
			isa = PBXGroup;
			children = (
				E21F9D7C29B73A4F009A5336 /* oh!Espresso.app */,
			);
			name = Products;
			sourceTree = "<group>";
		};
		E21F9D7E29B73A4F009A5336 /* oh!Espresso */ = {
			isa = PBXGroup;
			children = (
				E21F9D7F29B73A4F009A5336 /* AppDelegate.swift */,
				E21F9D8129B73A4F009A5336 /* SceneDelegate.swift */,
				E21F9D9729B74944009A5336 /* Coodinators */,
				E21F9D9A29B74BDA009A5336 /* Scenes */,
				E21F9D9B29B74CCF009A5336 /* Appearance */,
				E21F9D8D29B73A51009A5336 /* Info.plist */,
			);
			path = "oh!Espresso";
			sourceTree = "<group>";
		};
		E21F9D9729B74944009A5336 /* Coodinators */ = {
			isa = PBXGroup;
			children = (
				E21F9D8A29B73A51009A5336 /* LaunchScreen.storyboard */,
				E21F9D9529B73E06009A5336 /* MainCoordinator.swift */,
				E21F9D9329B73CFF009A5336 /* Coordinator.swift */,
			);
			path = Coodinators;
			sourceTree = "<group>";
		};
		E21F9D9A29B74BDA009A5336 /* Scenes */ = {
			isa = PBXGroup;
			children = (
				E21F9D9829B74BD3009A5336 /* PreparationVC.swift */,
				E21F9D8329B73A4F009A5336 /* HomeVC.swift */,
			);
			path = Scenes;
			sourceTree = "<group>";
		};
		E21F9D9B29B74CCF009A5336 /* Appearance */ = {
			isa = PBXGroup;
			children = (
				E21F9D8829B73A51009A5336 /* Assets.xcassets */,
			);
			path = Appearance;
			sourceTree = "<group>";
		};
/* End PBXGroup section */

/* Begin PBXNativeTarget section */
		E21F9D7B29B73A4F009A5336 /* oh!Espresso */ = {
			isa = PBXNativeTarget;
			buildConfigurationList = E21F9D9029B73A51009A5336 /* Build configuration list for PBXNativeTarget "oh!Espresso" */;
			buildPhases = (
				E21F9D7829B73A4F009A5336 /* Sources */,
				E21F9D7929B73A4F009A5336 /* Frameworks */,
				E21F9D7A29B73A4F009A5336 /* Resources */,
			);
			buildRules = (
			);
			dependencies = (
			);
			name = "oh!Espresso";
			productName = "oh!Espresso";
			productReference = E21F9D7C29B73A4F009A5336 /* oh!Espresso.app */;
			productType = "com.apple.product-type.application";
		};
/* End PBXNativeTarget section */

/* Begin PBXProject section */
		E21F9D7429B73A4E009A5336 /* Project object */ = {
			isa = PBXProject;
			attributes = {
				BuildIndependentTargetsInParallel = 1;
				LastSwiftUpdateCheck = 1420;
				LastUpgradeCheck = 1420;
				TargetAttributes = {
					E21F9D7B29B73A4F009A5336 = {
						CreatedOnToolsVersion = 14.2;
					};
				};
			};
			buildConfigurationList = E21F9D7729B73A4E009A5336 /* Build configuration list for PBXProject "oh!Espresso" */;
			compatibilityVersion = "Xcode 14.0";
			developmentRegion = en;
			hasScannedForEncodings = 0;
			knownRegions = (
				en,
				Base,
			);
			mainGroup = E21F9D7329B73A4E009A5336;
			productRefGroup = E21F9D7D29B73A4F009A5336 /* Products */;
			projectDirPath = "";
			projectRoot = "";
			targets = (
				E21F9D7B29B73A4F009A5336 /* oh!Espresso */,
			);
		};
/* End PBXProject section */

/* Begin PBXResourcesBuildPhase section */
		E21F9D7A29B73A4F009A5336 /* Resources */ = {
			isa = PBXResourcesBuildPhase;
			buildActionMask = 2147483647;
			files = (
				E21F9D8C29B73A51009A5336 /* LaunchScreen.storyboard in Resources */,
				E21F9D8929B73A51009A5336 /* Assets.xcassets in Resources */,
			);
			runOnlyForDeploymentPostprocessing = 0;
		};
/* End PBXResourcesBuildPhase section */

/* Begin PBXSourcesBuildPhase section */
		E21F9D7829B73A4F009A5336 /* Sources */ = {
			isa = PBXSourcesBuildPhase;
			buildActionMask = 2147483647;
			files = (
				E21F9D9429B73CFF009A5336 /* Coordinator.swift in Sources */,
				E21F9D8429B73A4F009A5336 /* HomeVC.swift in Sources */,
				E21F9D9929B74BD3009A5336 /* PreparationVC.swift in Sources */,
				E21F9D8029B73A4F009A5336 /* AppDelegate.swift in Sources */,
				E21F9D9629B73E06009A5336 /* MainCoordinator.swift in Sources */,
				E21F9D8229B73A4F009A5336 /* SceneDelegate.swift in Sources */,
			);
			runOnlyForDeploymentPostprocessing = 0;
		};
/* End PBXSourcesBuildPhase section */

/* Begin PBXVariantGroup section */
		E21F9D8A29B73A51009A5336 /* LaunchScreen.storyboard */ = {
			isa = PBXVariantGroup;
			children = (
				E21F9D8B29B73A51009A5336 /* Base */,
			);
			name = LaunchScreen.storyboard;
			sourceTree = "<group>";
		};
/* End PBXVariantGroup section */

/* Begin XCBuildConfiguration section */
		E21F9D8E29B73A51009A5336 /* Debug */ = {
			isa = XCBuildConfiguration;
			buildSettings = {
				ALWAYS_SEARCH_USER_PATHS = NO;
				CLANG_ANALYZER_NONNULL = YES;
				CLANG_ANALYZER_NUMBER_OBJECT_CONVERSION = YES_AGGRESSIVE;
				CLANG_CXX_LANGUAGE_STANDARD = "gnu++20";
				CLANG_ENABLE_MODULES = YES;
				CLANG_ENABLE_OBJC_ARC = YES;
				CLANG_ENABLE_OBJC_WEAK = YES;
				CLANG_WARN_BLOCK_CAPTURE_AUTORELEASING = YES;
				CLANG_WARN_BOOL_CONVERSION = YES;
				CLANG_WARN_COMMA = YES;
				CLANG_WARN_CONSTANT_CONVERSION = YES;
				CLANG_WARN_DEPRECATED_OBJC_IMPLEMENTATIONS = YES;
				CLANG_WARN_DIRECT_OBJC_ISA_USAGE = YES_ERROR;
				CLANG_WARN_DOCUMENTATION_COMMENTS = YES;
				CLANG_WARN_EMPTY_BODY = YES;
				CLANG_WARN_ENUM_CONVERSION = YES;
				CLANG_WARN_INFINITE_RECURSION = YES;
				CLANG_WARN_INT_CONVERSION = YES;
				CLANG_WARN_NON_LITERAL_NULL_CONVERSION = YES;
				CLANG_WARN_OBJC_IMPLICIT_RETAIN_SELF = YES;
				CLANG_WARN_OBJC_LITERAL_CONVERSION = YES;
				CLANG_WARN_OBJC_ROOT_CLASS = YES_ERROR;
				CLANG_WARN_QUOTED_INCLUDE_IN_FRAMEWORK_HEADER = YES;
				CLANG_WARN_RANGE_LOOP_ANALYSIS = YES;
				CLANG_WARN_STRICT_PROTOTYPES = YES;
				CLANG_WARN_SUSPICIOUS_MOVE = YES;
				CLANG_WARN_UNGUARDED_AVAILABILITY = YES_AGGRESSIVE;
				CLANG_WARN_UNREACHABLE_CODE = YES;
				CLANG_WARN__DUPLICATE_METHOD_MATCH = YES;
				COPY_PHASE_STRIP = NO;
				DEBUG_INFORMATION_FORMAT = dwarf;
				ENABLE_STRICT_OBJC_MSGSEND = YES;
				ENABLE_TESTABILITY = YES;
				GCC_C_LANGUAGE_STANDARD = gnu11;
				GCC_DYNAMIC_NO_PIC = NO;
				GCC_NO_COMMON_BLOCKS = YES;
				GCC_OPTIMIZATION_LEVEL = 0;
				GCC_PREPROCESSOR_DEFINITIONS = (
					"DEBUG=1",
					"$(inherited)",
				);
				GCC_WARN_64_TO_32_BIT_CONVERSION = YES;
				GCC_WARN_ABOUT_RETURN_TYPE = YES_ERROR;
				GCC_WARN_UNDECLARED_SELECTOR = YES;
				GCC_WARN_UNINITIALIZED_AUTOS = YES_AGGRESSIVE;
				GCC_WARN_UNUSED_FUNCTION = YES;
				GCC_WARN_UNUSED_VARIABLE = YES;
				IPHONEOS_DEPLOYMENT_TARGET = 16.2;
				MTL_ENABLE_DEBUG_INFO = INCLUDE_SOURCE;
				MTL_FAST_MATH = YES;
				ONLY_ACTIVE_ARCH = YES;
				SDKROOT = iphoneos;
				SWIFT_ACTIVE_COMPILATION_CONDITIONS = DEBUG;
				SWIFT_OPTIMIZATION_LEVEL = "-Onone";
			};
			name = Debug;
		};
		E21F9D8F29B73A51009A5336 /* Release */ = {
			isa = XCBuildConfiguration;
			buildSettings = {
				ALWAYS_SEARCH_USER_PATHS = NO;
				CLANG_ANALYZER_NONNULL = YES;
				CLANG_ANALYZER_NUMBER_OBJECT_CONVERSION = YES_AGGRESSIVE;
				CLANG_CXX_LANGUAGE_STANDARD = "gnu++20";
				CLANG_ENABLE_MODULES = YES;
				CLANG_ENABLE_OBJC_ARC = YES;
				CLANG_ENABLE_OBJC_WEAK = YES;
				CLANG_WARN_BLOCK_CAPTURE_AUTORELEASING = YES;
				CLANG_WARN_BOOL_CONVERSION = YES;
				CLANG_WARN_COMMA = YES;
				CLANG_WARN_CONSTANT_CONVERSION = YES;
				CLANG_WARN_DEPRECATED_OBJC_IMPLEMENTATIONS = YES;
				CLANG_WARN_DIRECT_OBJC_ISA_USAGE = YES_ERROR;
				CLANG_WARN_DOCUMENTATION_COMMENTS = YES;
				CLANG_WARN_EMPTY_BODY = YES;
				CLANG_WARN_ENUM_CONVERSION = YES;
				CLANG_WARN_INFINITE_RECURSION = YES;
				CLANG_WARN_INT_CONVERSION = YES;
				CLANG_WARN_NON_LITERAL_NULL_CONVERSION = YES;
				CLANG_WARN_OBJC_IMPLICIT_RETAIN_SELF = YES;
				CLANG_WARN_OBJC_LITERAL_CONVERSION = YES;
				CLANG_WARN_OBJC_ROOT_CLASS = YES_ERROR;
				CLANG_WARN_QUOTED_INCLUDE_IN_FRAMEWORK_HEADER = YES;
				CLANG_WARN_RANGE_LOOP_ANALYSIS = YES;
				CLANG_WARN_STRICT_PROTOTYPES = YES;
				CLANG_WARN_SUSPICIOUS_MOVE = YES;
				CLANG_WARN_UNGUARDED_AVAILABILITY = YES_AGGRESSIVE;
				CLANG_WARN_UNREACHABLE_CODE = YES;
				CLANG_WARN__DUPLICATE_METHOD_MATCH = YES;
				COPY_PHASE_STRIP = NO;
				DEBUG_INFORMATION_FORMAT = "dwarf-with-dsym";
				ENABLE_NS_ASSERTIONS = NO;
				ENABLE_STRICT_OBJC_MSGSEND = YES;
				GCC_C_LANGUAGE_STANDARD = gnu11;
				GCC_NO_COMMON_BLOCKS = YES;
				GCC_WARN_64_TO_32_BIT_CONVERSION = YES;
				GCC_WARN_ABOUT_RETURN_TYPE = YES_ERROR;
				GCC_WARN_UNDECLARED_SELECTOR = YES;
				GCC_WARN_UNINITIALIZED_AUTOS = YES_AGGRESSIVE;
				GCC_WARN_UNUSED_FUNCTION = YES;
				GCC_WARN_UNUSED_VARIABLE = YES;
				IPHONEOS_DEPLOYMENT_TARGET = 16.2;
				MTL_ENABLE_DEBUG_INFO = NO;
				MTL_FAST_MATH = YES;
				SDKROOT = iphoneos;
				SWIFT_COMPILATION_MODE = wholemodule;
				SWIFT_OPTIMIZATION_LEVEL = "-O";
				VALIDATE_PRODUCT = YES;
			};
			name = Release;
		};
		E21F9D9129B73A51009A5336 /* Debug */ = {
			isa = XCBuildConfiguration;
			buildSettings = {
				ASSETCATALOG_COMPILER_APPICON_NAME = AppIcon;
				ASSETCATALOG_COMPILER_GLOBAL_ACCENT_COLOR_NAME = AccentColor;
				ASSETCATALOG_COMPILER_INCLUDE_ALL_APPICON_ASSETS = YES;
				CODE_SIGN_STYLE = Automatic;
				CURRENT_PROJECT_VERSION = 1;
				DEVELOPMENT_TEAM = V75UZGB9LL;
				GENERATE_INFOPLIST_FILE = YES;
				INFOPLIST_FILE = "oh!Espresso/Info.plist";
				INFOPLIST_KEY_LSApplicationCategoryType = "public.app-category.utilities";
				INFOPLIST_KEY_UIApplicationSupportsIndirectInputEvents = YES;
				INFOPLIST_KEY_UILaunchStoryboardName = LaunchScreen;
				INFOPLIST_KEY_UISupportedInterfaceOrientations = UIInterfaceOrientationPortrait;
				INFOPLIST_KEY_UISupportedInterfaceOrientations_iPad = "UIInterfaceOrientationLandscapeLeft UIInterfaceOrientationLandscapeRight UIInterfaceOrientationPortrait UIInterfaceOrientationPortraitUpsideDown";
				LD_RUNPATH_SEARCH_PATHS = (
					"$(inherited)",
					"@executable_path/Frameworks",
				);
				MARKETING_VERSION = 1.0;
				PRODUCT_BUNDLE_IDENTIFIER = "com.home.oh-Espresso";
				PRODUCT_NAME = "$(TARGET_NAME)";
				SUPPORTED_PLATFORMS = "iphoneos iphonesimulator";
				SUPPORTS_MACCATALYST = NO;
				SUPPORTS_MAC_DESIGNED_FOR_IPHONE_IPAD = NO;
				SWIFT_EMIT_LOC_STRINGS = YES;
				SWIFT_VERSION = 5.0;
				TARGETED_DEVICE_FAMILY = 1;
			};
			name = Debug;
		};
		E21F9D9229B73A51009A5336 /* Release */ = {
			isa = XCBuildConfiguration;
			buildSettings = {
				ASSETCATALOG_COMPILER_APPICON_NAME = AppIcon;
				ASSETCATALOG_COMPILER_GLOBAL_ACCENT_COLOR_NAME = AccentColor;
				ASSETCATALOG_COMPILER_INCLUDE_ALL_APPICON_ASSETS = YES;
				CODE_SIGN_STYLE = Automatic;
				CURRENT_PROJECT_VERSION = 1;
				DEVELOPMENT_TEAM = V75UZGB9LL;
				GENERATE_INFOPLIST_FILE = YES;
				INFOPLIST_FILE = "oh!Espresso/Info.plist";
				INFOPLIST_KEY_LSApplicationCategoryType = "public.app-category.utilities";
				INFOPLIST_KEY_UIApplicationSupportsIndirectInputEvents = YES;
				INFOPLIST_KEY_UILaunchStoryboardName = LaunchScreen;
				INFOPLIST_KEY_UISupportedInterfaceOrientations = UIInterfaceOrientationPortrait;
				INFOPLIST_KEY_UISupportedInterfaceOrientations_iPad = "UIInterfaceOrientationLandscapeLeft UIInterfaceOrientationLandscapeRight UIInterfaceOrientationPortrait UIInterfaceOrientationPortraitUpsideDown";
				LD_RUNPATH_SEARCH_PATHS = (
					"$(inherited)",
					"@executable_path/Frameworks",
				);
				MARKETING_VERSION = 1.0;
				PRODUCT_BUNDLE_IDENTIFIER = "com.home.oh-Espresso";
				PRODUCT_NAME = "$(TARGET_NAME)";
				SUPPORTED_PLATFORMS = "iphoneos iphonesimulator";
				SUPPORTS_MACCATALYST = NO;
				SUPPORTS_MAC_DESIGNED_FOR_IPHONE_IPAD = NO;
				SWIFT_EMIT_LOC_STRINGS = YES;
				SWIFT_VERSION = 5.0;
				TARGETED_DEVICE_FAMILY = 1;
			};
			name = Release;
		};
/* End XCBuildConfiguration section */

/* Begin XCConfigurationList section */
		E21F9D7729B73A4E009A5336 /* Build configuration list for PBXProject "oh!Espresso" */ = {
			isa = XCConfigurationList;
			buildConfigurations = (
				E21F9D8E29B73A51009A5336 /* Debug */,
				E21F9D8F29B73A51009A5336 /* Release */,
			);
			defaultConfigurationIsVisible = 0;
			defaultConfigurationName = Release;
		};
		E21F9D9029B73A51009A5336 /* Build configuration list for PBXNativeTarget "oh!Espresso" */ = {
			isa = XCConfigurationList;
			buildConfigurations = (
				E21F9D9129B73A51009A5336 /* Debug */,
				E21F9D9229B73A51009A5336 /* Release */,
			);
			defaultConfigurationIsVisible = 0;
			defaultConfigurationName = Release;
		};
/* End XCConfigurationList section */
	};
	rootObject = E21F9D7429B73A4E009A5336 /* Project object */;
}
